
Microsoft Visual Studio Solution File, Format Version 12.00
# Visual Studio 14
VisualStudioVersion = 14.0.25420.1
MinimumVisualStudioVersion = 10.0.40219.1
Project("{FAE04EC0-301F-11D3-BF4B-00C04F79EFBC}") = "MVC_Practice", "MVC_Practice\MVC_Practice.csproj", "{F18A84AE-DC3A-42E4-A7E8-9706292E2433}"
EndProject
Project("{FAE04EC0-301F-11D3-BF4B-00C04F79EFBC}") = "ChildActionOnly", "ChildActionOnly\ChildActionOnly.csproj", "{59307D42-D6E9-4C47-A9E5-5908F54CF438}"
EndProject
Project("{FAE04EC0-301F-11D3-BF4B-00C04F79EFBC}") = "NonAction", "NonAction\NonAction.csproj", "{9A683C71-AF81-4722-B138-3E57E78335A3}"
EndProject
Project("{FAE04EC0-301F-11D3-BF4B-00C04F79EFBC}") = "MultipleModels", "MultipleModels\MultipleModels.csproj", "{562D8B60-4F2B-4356-9B28-D04AA8F1498D}"
EndProject
Project("{FAE04EC0-301F-11D3-BF4B-00C04F79EFBC}") = "DownloadFile", "DownloadFile\DownloadFile.csproj", "{62F85CD6-2E22-4853-8C3B-F00BCCA28778}"
EndProject
Project("{FAE04EC0-301F-11D3-BF4B-00C04F79EFBC}") = "UploadFile", "UploadFile\UploadFile.csproj", "{30E34693-66BB-40B3-B8D9-769A571092A1}"
EndProject
Project("{FAE04EC0-301F-11D3-BF4B-00C04F79EFBC}") = "MultipleSubmitButton", "MultipleSubmitButton\MultipleSubmitButton.csproj", "{3E871D7D-D63B-4B0C-AFE4-7C26F835B067}"
EndProject
Project("{FAE04EC0-301F-11D3-BF4B-00C04F79EFBC}") = "DropDown", "DropDown\DropDown.csproj", "{EB2EB129-06D2-4256-925F-45334688221D}"
EndProject
Project("{FAE04EC0-301F-11D3-BF4B-00C04F79EFBC}") = "Dependency_Injection", "Dependency_Injection\Dependency_Injection.csproj", "{0E361EE5-BEE6-4CCD-943F-59E61DE0F7C2}"
EndProject
Project("{FAE04EC0-301F-11D3-BF4B-00C04F79EFBC}") = "Dependency_Injection.Tests", "Dependency_Injection.Tests\Dependency_Injection.Tests.csproj", "{6030603D-7AB0-49D7-B64E-17C8CF95E85E}"
EndProject
Project("{FAE04EC0-301F-11D3-BF4B-00C04F79EFBC}") = "Unit_Testing", "Unit_Testing\Unit_Testing.csproj", "{31A293B1-389F-40F5-83F6-3176DF3FBFCE}"
EndProject
Project("{FAE04EC0-301F-11D3-BF4B-00C04F79EFBC}") = "Unit_Testing.Tests", "Unit_Testing.Tests\Unit_Testing.Tests.csproj", "{BF6A3450-DBFD-4AB0-992B-BE9FEB7D4A52}"
EndProject
Project("{FAE04EC0-301F-11D3-BF4B-00C04F79EFBC}") = "Async_Controller", "Async_Controller\Async_Controller.csproj", "{D6F1FBC5-F1EA-4EE7-904B-A6AFE9944A06}"
EndProject
Project("{FAE04EC0-301F-11D3-BF4B-00C04F79EFBC}") = "BL", "BL\BL.csproj", "{3C242F2A-7829-4D59-84FC-40E48B0250D8}"
EndProject
Project("{FAE04EC0-301F-11D3-BF4B-00C04F79EFBC}") = "Area_MVC", "Area_MVC\Area_MVC.csproj", "{0FED7BF0-9B8D-4BA3-A4DA-090F0DE9728B}"
EndProject
Project("{FAE04EC0-301F-11D3-BF4B-00C04F79EFBC}") = "BundlingandMinification", "BundlingandMinification\BundlingandMinification.csproj", "{D6FAEF07-55AD-4AEB-95F2-C6AF05911A2A}"
EndProject
Project("{FAE04EC0-301F-11D3-BF4B-00C04F79EFBC}") = "Model_Binder", "Model_Binder\Model_Binder.csproj", "{82CECC92-3689-451F-812B-18D3144EBB79}"
EndProject
Project("{FAE04EC0-301F-11D3-BF4B-00C04F79EFBC}") = "Custom_ModelBinder", "Custom_ModelBinder\Custom_ModelBinder.csproj", "{E904A1E0-8540-4B06-83F0-4C3189B418D9}"
EndProject
Project("{FAE04EC0-301F-11D3-BF4B-00C04F79EFBC}") = "Bundling_Minification", "Bundling_Minification\Bundling_Minification.csproj", "{00DC67FD-A32F-48D6-AD7F-0E9AC348E9A9}"
EndProject
Project("{FAE04EC0-301F-11D3-BF4B-00C04F79EFBC}") = "Bundling__Minification", "Bundling__Minification\Bundling__Minification.csproj", "{91B73646-B76B-4B71-9C3A-3BA06067D08A}"
EndProject
Project("{FAE04EC0-301F-11D3-BF4B-00C04F79EFBC}") = "Return_Json", "Return_Json\Return_Json.csproj", "{D2BF48DE-33F6-47A9-8386-4656B97F4302}"
EndProject
Project("{FAE04EC0-301F-11D3-BF4B-00C04F79EFBC}") = "GetData_Ajax", "GetData_Ajax\GetData_Ajax.csproj", "{FA596DCF-9C46-434D-A339-216F0B4B6BD9}"
EndProject
Project("{FAE04EC0-301F-11D3-BF4B-00C04F79EFBC}") = "PostData_Ajax", "PostData_Ajax\PostData_Ajax.csproj", "{7BC167F4-2345-45B0-9F28-5F31026041F2}"
EndProject
Project("{FAE04EC0-301F-11D3-BF4B-00C04F79EFBC}") = "AjaxFrom_HtmlHelpers", "AjaxFrom_HtmlHelpers\AjaxFrom_HtmlHelpers.csproj", "{6037890F-C904-4427-9258-110F9681E637}"
EndProject
Project("{FAE04EC0-301F-11D3-BF4B-00C04F79EFBC}") = "AjaxActionLink", "AjaxActionLink\AjaxActionLink.csproj", "{FDF0A059-D025-462A-96EC-4EBA0C4F459C}"
EndProject
Project("{FAE04EC0-301F-11D3-BF4B-00C04F79EFBC}") = "PartialView", "PartialView\PartialView.csproj", "{85959F23-C55B-415C-AC7F-BAAE1FFE274A}"
EndProject
Project("{FAE04EC0-301F-11D3-BF4B-00C04F79EFBC}") = "OutputCache_Filter", "OutputCache_Filter\OutputCache_Filter.csproj", "{0D05F4A3-BF41-414F-8587-29E973EFA6D1}"
EndProject
Project("{FAE04EC0-301F-11D3-BF4B-00C04F79EFBC}") = "Location_in_OutputCache", "Location_in_OutputCache\Location_in_OutputCache.csproj", "{0A5C21A5-0599-4671-B8E7-306F5A6CBA95}"
EndProject
Project("{FAE04EC0-301F-11D3-BF4B-00C04F79EFBC}") = "WebApplication1", "WebApplication1\WebApplication1.csproj", "{06C5CE19-075D-4B4E-8659-E8599A42E61F}"
EndProject
Project("{FAE04EC0-301F-11D3-BF4B-00C04F79EFBC}") = "HTML_RAW", "HTML_RAW\HTML_RAW.csproj", "{61421275-13FE-419B-A452-3F8B85309F51}"
EndProject
Project("{FAE04EC0-301F-11D3-BF4B-00C04F79EFBC}") = "Exception_Filter", "Exception_Filter\Exception_Filter.csproj", "{146D423F-2CE6-4EFC-B9E3-3F51786098F1}"
EndProject
Global
	GlobalSection(SolutionConfigurationPlatforms) = preSolution
		Debug|Any CPU = Debug|Any CPU
		Release|Any CPU = Release|Any CPU
	EndGlobalSection
	GlobalSection(ProjectConfigurationPlatforms) = postSolution
		{F18A84AE-DC3A-42E4-A7E8-9706292E2433}.Debug|Any CPU.ActiveCfg = Debug|Any CPU
		{F18A84AE-DC3A-42E4-A7E8-9706292E2433}.Debug|Any CPU.Build.0 = Debug|Any CPU
		{F18A84AE-DC3A-42E4-A7E8-9706292E2433}.Release|Any CPU.ActiveCfg = Release|Any CPU
		{F18A84AE-DC3A-42E4-A7E8-9706292E2433}.Release|Any CPU.Build.0 = Release|Any CPU
		{59307D42-D6E9-4C47-A9E5-5908F54CF438}.Debug|Any CPU.ActiveCfg = Debug|Any CPU
		{59307D42-D6E9-4C47-A9E5-5908F54CF438}.Debug|Any CPU.Build.0 = Debug|Any CPU
		{59307D42-D6E9-4C47-A9E5-5908F54CF438}.Release|Any CPU.ActiveCfg = Release|Any CPU
		{59307D42-D6E9-4C47-A9E5-5908F54CF438}.Release|Any CPU.Build.0 = Release|Any CPU
		{9A683C71-AF81-4722-B138-3E57E78335A3}.Debug|Any CPU.ActiveCfg = Debug|Any CPU
		{9A683C71-AF81-4722-B138-3E57E78335A3}.Debug|Any CPU.Build.0 = Debug|Any CPU
		{9A683C71-AF81-4722-B138-3E57E78335A3}.Release|Any CPU.ActiveCfg = Release|Any CPU
		{9A683C71-AF81-4722-B138-3E57E78335A3}.Release|Any CPU.Build.0 = Release|Any CPU
		{562D8B60-4F2B-4356-9B28-D04AA8F1498D}.Debug|Any CPU.ActiveCfg = Debug|Any CPU
		{562D8B60-4F2B-4356-9B28-D04AA8F1498D}.Debug|Any CPU.Build.0 = Debug|Any CPU
		{562D8B60-4F2B-4356-9B28-D04AA8F1498D}.Release|Any CPU.ActiveCfg = Release|Any CPU
		{562D8B60-4F2B-4356-9B28-D04AA8F1498D}.Release|Any CPU.Build.0 = Release|Any CPU
		{62F85CD6-2E22-4853-8C3B-F00BCCA28778}.Debug|Any CPU.ActiveCfg = Debug|Any CPU
		{62F85CD6-2E22-4853-8C3B-F00BCCA28778}.Debug|Any CPU.Build.0 = Debug|Any CPU
		{62F85CD6-2E22-4853-8C3B-F00BCCA28778}.Release|Any CPU.ActiveCfg = Release|Any CPU
		{62F85CD6-2E22-4853-8C3B-F00BCCA28778}.Release|Any CPU.Build.0 = Release|Any CPU
		{30E34693-66BB-40B3-B8D9-769A571092A1}.Debug|Any CPU.ActiveCfg = Debug|Any CPU
		{30E34693-66BB-40B3-B8D9-769A571092A1}.Debug|Any CPU.Build.0 = Debug|Any CPU
		{30E34693-66BB-40B3-B8D9-769A571092A1}.Release|Any CPU.ActiveCfg = Release|Any CPU
		{30E34693-66BB-40B3-B8D9-769A571092A1}.Release|Any CPU.Build.0 = Release|Any CPU
		{3E871D7D-D63B-4B0C-AFE4-7C26F835B067}.Debug|Any CPU.ActiveCfg = Debug|Any CPU
		{3E871D7D-D63B-4B0C-AFE4-7C26F835B067}.Debug|Any CPU.Build.0 = Debug|Any CPU
		{3E871D7D-D63B-4B0C-AFE4-7C26F835B067}.Release|Any CPU.ActiveCfg = Release|Any CPU
		{3E871D7D-D63B-4B0C-AFE4-7C26F835B067}.Release|Any CPU.Build.0 = Release|Any CPU
		{EB2EB129-06D2-4256-925F-45334688221D}.Debug|Any CPU.ActiveCfg = Debug|Any CPU
		{EB2EB129-06D2-4256-925F-45334688221D}.Debug|Any CPU.Build.0 = Debug|Any CPU
		{EB2EB129-06D2-4256-925F-45334688221D}.Release|Any CPU.ActiveCfg = Release|Any CPU
		{EB2EB129-06D2-4256-925F-45334688221D}.Release|Any CPU.Build.0 = Release|Any CPU
		{0E361EE5-BEE6-4CCD-943F-59E61DE0F7C2}.Debug|Any CPU.ActiveCfg = Debug|Any CPU
		{0E361EE5-BEE6-4CCD-943F-59E61DE0F7C2}.Debug|Any CPU.Build.0 = Debug|Any CPU
		{0E361EE5-BEE6-4CCD-943F-59E61DE0F7C2}.Release|Any CPU.ActiveCfg = Release|Any CPU
		{0E361EE5-BEE6-4CCD-943F-59E61DE0F7C2}.Release|Any CPU.Build.0 = Release|Any CPU
		{6030603D-7AB0-49D7-B64E-17C8CF95E85E}.Debug|Any CPU.ActiveCfg = Debug|Any CPU
		{6030603D-7AB0-49D7-B64E-17C8CF95E85E}.Debug|Any CPU.Build.0 = Debug|Any CPU
		{6030603D-7AB0-49D7-B64E-17C8CF95E85E}.Release|Any CPU.ActiveCfg = Release|Any CPU
		{6030603D-7AB0-49D7-B64E-17C8CF95E85E}.Release|Any CPU.Build.0 = Release|Any CPU
		{31A293B1-389F-40F5-83F6-3176DF3FBFCE}.Debug|Any CPU.ActiveCfg = Debug|Any CPU
		{31A293B1-389F-40F5-83F6-3176DF3FBFCE}.Debug|Any CPU.Build.0 = Debug|Any CPU
		{31A293B1-389F-40F5-83F6-3176DF3FBFCE}.Release|Any CPU.ActiveCfg = Release|Any CPU
		{31A293B1-389F-40F5-83F6-3176DF3FBFCE}.Release|Any CPU.Build.0 = Release|Any CPU
		{BF6A3450-DBFD-4AB0-992B-BE9FEB7D4A52}.Debug|Any CPU.ActiveCfg = Debug|Any CPU
		{BF6A3450-DBFD-4AB0-992B-BE9FEB7D4A52}.Debug|Any CPU.Build.0 = Debug|Any CPU
		{BF6A3450-DBFD-4AB0-992B-BE9FEB7D4A52}.Release|Any CPU.ActiveCfg = Release|Any CPU
		{BF6A3450-DBFD-4AB0-992B-BE9FEB7D4A52}.Release|Any CPU.Build.0 = Release|Any CPU
		{D6F1FBC5-F1EA-4EE7-904B-A6AFE9944A06}.Debug|Any CPU.ActiveCfg = Debug|Any CPU
		{D6F1FBC5-F1EA-4EE7-904B-A6AFE9944A06}.Debug|Any CPU.Build.0 = Debug|Any CPU
		{D6F1FBC5-F1EA-4EE7-904B-A6AFE9944A06}.Release|Any CPU.ActiveCfg = Release|Any CPU
		{D6F1FBC5-F1EA-4EE7-904B-A6AFE9944A06}.Release|Any CPU.Build.0 = Release|Any CPU
		{3C242F2A-7829-4D59-84FC-40E48B0250D8}.Debug|Any CPU.ActiveCfg = Debug|Any CPU
		{3C242F2A-7829-4D59-84FC-40E48B0250D8}.Debug|Any CPU.Build.0 = Debug|Any CPU
		{3C242F2A-7829-4D59-84FC-40E48B0250D8}.Release|Any CPU.ActiveCfg = Release|Any CPU
		{3C242F2A-7829-4D59-84FC-40E48B0250D8}.Release|Any CPU.Build.0 = Release|Any CPU
		{0FED7BF0-9B8D-4BA3-A4DA-090F0DE9728B}.Debug|Any CPU.ActiveCfg = Debug|Any CPU
		{0FED7BF0-9B8D-4BA3-A4DA-090F0DE9728B}.Debug|Any CPU.Build.0 = Debug|Any CPU
		{0FED7BF0-9B8D-4BA3-A4DA-090F0DE9728B}.Release|Any CPU.ActiveCfg = Release|Any CPU
		{0FED7BF0-9B8D-4BA3-A4DA-090F0DE9728B}.Release|Any CPU.Build.0 = Release|Any CPU
		{D6FAEF07-55AD-4AEB-95F2-C6AF05911A2A}.Debug|Any CPU.ActiveCfg = Debug|Any CPU
		{D6FAEF07-55AD-4AEB-95F2-C6AF05911A2A}.Debug|Any CPU.Build.0 = Debug|Any CPU
		{D6FAEF07-55AD-4AEB-95F2-C6AF05911A2A}.Release|Any CPU.ActiveCfg = Release|Any CPU
		{D6FAEF07-55AD-4AEB-95F2-C6AF05911A2A}.Release|Any CPU.Build.0 = Release|Any CPU
		{82CECC92-3689-451F-812B-18D3144EBB79}.Debug|Any CPU.ActiveCfg = Debug|Any CPU
		{82CECC92-3689-451F-812B-18D3144EBB79}.Debug|Any CPU.Build.0 = Debug|Any CPU
		{82CECC92-3689-451F-812B-18D3144EBB79}.Release|Any CPU.ActiveCfg = Release|Any CPU
		{82CECC92-3689-451F-812B-18D3144EBB79}.Release|Any CPU.Build.0 = Release|Any CPU
		{E904A1E0-8540-4B06-83F0-4C3189B418D9}.Debug|Any CPU.ActiveCfg = Debug|Any CPU
		{E904A1E0-8540-4B06-83F0-4C3189B418D9}.Debug|Any CPU.Build.0 = Debug|Any CPU
		{E904A1E0-8540-4B06-83F0-4C3189B418D9}.Release|Any CPU.ActiveCfg = Release|Any CPU
		{E904A1E0-8540-4B06-83F0-4C3189B418D9}.Release|Any CPU.Build.0 = Release|Any CPU
		{00DC67FD-A32F-48D6-AD7F-0E9AC348E9A9}.Debug|Any CPU.ActiveCfg = Debug|Any CPU
		{00DC67FD-A32F-48D6-AD7F-0E9AC348E9A9}.Debug|Any CPU.Build.0 = Debug|Any CPU
		{00DC67FD-A32F-48D6-AD7F-0E9AC348E9A9}.Release|Any CPU.ActiveCfg = Release|Any CPU
		{00DC67FD-A32F-48D6-AD7F-0E9AC348E9A9}.Release|Any CPU.Build.0 = Release|Any CPU
		{91B73646-B76B-4B71-9C3A-3BA06067D08A}.Debug|Any CPU.ActiveCfg = Debug|Any CPU
		{91B73646-B76B-4B71-9C3A-3BA06067D08A}.Debug|Any CPU.Build.0 = Debug|Any CPU
		{91B73646-B76B-4B71-9C3A-3BA06067D08A}.Release|Any CPU.ActiveCfg = Release|Any CPU
		{91B73646-B76B-4B71-9C3A-3BA06067D08A}.Release|Any CPU.Build.0 = Release|Any CPU
		{D2BF48DE-33F6-47A9-8386-4656B97F4302}.Debug|Any CPU.ActiveCfg = Debug|Any CPU
		{D2BF48DE-33F6-47A9-8386-4656B97F4302}.Debug|Any CPU.Build.0 = Debug|Any CPU
		{D2BF48DE-33F6-47A9-8386-4656B97F4302}.Release|Any CPU.ActiveCfg = Release|Any CPU
		{D2BF48DE-33F6-47A9-8386-4656B97F4302}.Release|Any CPU.Build.0 = Release|Any CPU
		{FA596DCF-9C46-434D-A339-216F0B4B6BD9}.Debug|Any CPU.ActiveCfg = Debug|Any CPU
		{FA596DCF-9C46-434D-A339-216F0B4B6BD9}.Debug|Any CPU.Build.0 = Debug|Any CPU
		{FA596DCF-9C46-434D-A339-216F0B4B6BD9}.Release|Any CPU.ActiveCfg = Release|Any CPU
		{FA596DCF-9C46-434D-A339-216F0B4B6BD9}.Release|Any CPU.Build.0 = Release|Any CPU
		{7BC167F4-2345-45B0-9F28-5F31026041F2}.Debug|Any CPU.ActiveCfg = Debug|Any CPU
		{7BC167F4-2345-45B0-9F28-5F31026041F2}.Debug|Any CPU.Build.0 = Debug|Any CPU
		{7BC167F4-2345-45B0-9F28-5F31026041F2}.Release|Any CPU.ActiveCfg = Release|Any CPU
		{7BC167F4-2345-45B0-9F28-5F31026041F2}.Release|Any CPU.Build.0 = Release|Any CPU
		{6037890F-C904-4427-9258-110F9681E637}.Debug|Any CPU.ActiveCfg = Debug|Any CPU
		{6037890F-C904-4427-9258-110F9681E637}.Debug|Any CPU.Build.0 = Debug|Any CPU
		{6037890F-C904-4427-9258-110F9681E637}.Release|Any CPU.ActiveCfg = Release|Any CPU
		{6037890F-C904-4427-9258-110F9681E637}.Release|Any CPU.Build.0 = Release|Any CPU
		{FDF0A059-D025-462A-96EC-4EBA0C4F459C}.Debug|Any CPU.ActiveCfg = Debug|Any CPU
		{FDF0A059-D025-462A-96EC-4EBA0C4F459C}.Debug|Any CPU.Build.0 = Debug|Any CPU
		{FDF0A059-D025-462A-96EC-4EBA0C4F459C}.Release|Any CPU.ActiveCfg = Release|Any CPU
		{FDF0A059-D025-462A-96EC-4EBA0C4F459C}.Release|Any CPU.Build.0 = Release|Any CPU
		{85959F23-C55B-415C-AC7F-BAAE1FFE274A}.Debug|Any CPU.ActiveCfg = Debug|Any CPU
		{85959F23-C55B-415C-AC7F-BAAE1FFE274A}.Debug|Any CPU.Build.0 = Debug|Any CPU
		{85959F23-C55B-415C-AC7F-BAAE1FFE274A}.Release|Any CPU.ActiveCfg = Release|Any CPU
		{85959F23-C55B-415C-AC7F-BAAE1FFE274A}.Release|Any CPU.Build.0 = Release|Any CPU
		{0D05F4A3-BF41-414F-8587-29E973EFA6D1}.Debug|Any CPU.ActiveCfg = Debug|Any CPU
		{0D05F4A3-BF41-414F-8587-29E973EFA6D1}.Debug|Any CPU.Build.0 = Debug|Any CPU
		{0D05F4A3-BF41-414F-8587-29E973EFA6D1}.Release|Any CPU.ActiveCfg = Release|Any CPU
		{0D05F4A3-BF41-414F-8587-29E973EFA6D1}.Release|Any CPU.Build.0 = Release|Any CPU
		{0A5C21A5-0599-4671-B8E7-306F5A6CBA95}.Debug|Any CPU.ActiveCfg = Debug|Any CPU
		{0A5C21A5-0599-4671-B8E7-306F5A6CBA95}.Debug|Any CPU.Build.0 = Debug|Any CPU
		{0A5C21A5-0599-4671-B8E7-306F5A6CBA95}.Release|Any CPU.ActiveCfg = Release|Any CPU
		{0A5C21A5-0599-4671-B8E7-306F5A6CBA95}.Release|Any CPU.Build.0 = Release|Any CPU
		{06C5CE19-075D-4B4E-8659-E8599A42E61F}.Debug|Any CPU.ActiveCfg = Debug|Any CPU
		{06C5CE19-075D-4B4E-8659-E8599A42E61F}.Debug|Any CPU.Build.0 = Debug|Any CPU
		{06C5CE19-075D-4B4E-8659-E8599A42E61F}.Release|Any CPU.ActiveCfg = Release|Any CPU
		{06C5CE19-075D-4B4E-8659-E8599A42E61F}.Release|Any CPU.Build.0 = Release|Any CPU
		{61421275-13FE-419B-A452-3F8B85309F51}.Debug|Any CPU.ActiveCfg = Debug|Any CPU
		{61421275-13FE-419B-A452-3F8B85309F51}.Debug|Any CPU.Build.0 = Debug|Any CPU
		{61421275-13FE-419B-A452-3F8B85309F51}.Release|Any CPU.ActiveCfg = Release|Any CPU
		{61421275-13FE-419B-A452-3F8B85309F51}.Release|Any CPU.Build.0 = Release|Any CPU
		{146D423F-2CE6-4EFC-B9E3-3F51786098F1}.Debug|Any CPU.ActiveCfg = Debug|Any CPU
		{146D423F-2CE6-4EFC-B9E3-3F51786098F1}.Debug|Any CPU.Build.0 = Debug|Any CPU
		{146D423F-2CE6-4EFC-B9E3-3F51786098F1}.Release|Any CPU.ActiveCfg = Release|Any CPU
		{146D423F-2CE6-4EFC-B9E3-3F51786098F1}.Release|Any CPU.Build.0 = Release|Any CPU
	EndGlobalSection
	GlobalSection(SolutionProperties) = preSolution
		HideSolutionNode = FALSE
	EndGlobalSection
EndGlobal
