
Microsoft Visual Studio Solution File, Format Version 12.00
# Visual Studio 14
VisualStudioVersion = 14.0.25420.1
MinimumVisualStudioVersion = 10.0.40219.1
Project("{FAE04EC0-301F-11D3-BF4B-00C04F79EFBC}") = "MVC_Practice", "MVC_Practice\MVC_Practice.csproj", "{F18A84AE-DC3A-42E4-A7E8-9706292E2433}"
EndProject
Project("{FAE04EC0-301F-11D3-BF4B-00C04F79EFBC}") = "ChildActionOnly", "ChildActionOnly\ChildActionOnly.csproj", "{59307D42-D6E9-4C47-A9E5-5908F54CF438}"
EndProject
Project("{FAE04EC0-301F-11D3-BF4B-00C04F79EFBC}") = "NonAction", "NonAction\NonAction.csproj", "{9A683C71-AF81-4722-B138-3E57E78335A3}"
EndProject
Project("{FAE04EC0-301F-11D3-BF4B-00C04F79EFBC}") = "MultipleModels", "MultipleModels\MultipleModels.csproj", "{562D8B60-4F2B-4356-9B28-D04AA8F1498D}"
EndProject
Project("{FAE04EC0-301F-11D3-BF4B-00C04F79EFBC}") = "DownloadFile", "DownloadFile\DownloadFile.csproj", "{62F85CD6-2E22-4853-8C3B-F00BCCA28778}"
EndProject
Project("{FAE04EC0-301F-11D3-BF4B-00C04F79EFBC}") = "UploadFile", "UploadFile\UploadFile.csproj", "{30E34693-66BB-40B3-B8D9-769A571092A1}"
EndProject
Project("{FAE04EC0-301F-11D3-BF4B-00C04F79EFBC}") = "MultipleSubmitButton", "MultipleSubmitButton\MultipleSubmitButton.csproj", "{3E871D7D-D63B-4B0C-AFE4-7C26F835B067}"
EndProject
Project("{FAE04EC0-301F-11D3-BF4B-00C04F79EFBC}") = "DropDown", "DropDown\DropDown.csproj", "{EB2EB129-06D2-4256-925F-45334688221D}"
EndProject
Project("{FAE04EC0-301F-11D3-BF4B-00C04F79EFBC}") = "Dependency_Injection", "Dependency_Injection\Dependency_Injection.csproj", "{0E361EE5-BEE6-4CCD-943F-59E61DE0F7C2}"
EndProject
Project("{FAE04EC0-301F-11D3-BF4B-00C04F79EFBC}") = "Dependency_Injection.Tests", "Dependency_Injection.Tests\Dependency_Injection.Tests.csproj", "{6030603D-7AB0-49D7-B64E-17C8CF95E85E}"
EndProject
Project("{FAE04EC0-301F-11D3-BF4B-00C04F79EFBC}") = "Unit_Testing", "Unit_Testing\Unit_Testing.csproj", "{31A293B1-389F-40F5-83F6-3176DF3FBFCE}"
EndProject
Project("{FAE04EC0-301F-11D3-BF4B-00C04F79EFBC}") = "Unit_Testing.Tests", "Unit_Testing.Tests\Unit_Testing.Tests.csproj", "{BF6A3450-DBFD-4AB0-992B-BE9FEB7D4A52}"
EndProject
Project("{FAE04EC0-301F-11D3-BF4B-00C04F79EFBC}") = "Async_Controller", "Async_Controller\Async_Controller.csproj", "{D6F1FBC5-F1EA-4EE7-904B-A6AFE9944A06}"
EndProject
Project("{FAE04EC0-301F-11D3-BF4B-00C04F79EFBC}") = "BL", "BL\BL.csproj", "{3C242F2A-7829-4D59-84FC-40E48B0250D8}"
EndProject
Project("{FAE04EC0-301F-11D3-BF4B-00C04F79EFBC}") = "Area_MVC", "Area_MVC\Area_MVC.csproj", "{0FED7BF0-9B8D-4BA3-A4DA-090F0DE9728B}"
EndProject
Global
	GlobalSection(SolutionConfigurationPlatforms) = preSolution
		Debug|Any CPU = Debug|Any CPU
		Release|Any CPU = Release|Any CPU
	EndGlobalSection
	GlobalSection(ProjectConfigurationPlatforms) = postSolution
		{F18A84AE-DC3A-42E4-A7E8-9706292E2433}.Debug|Any CPU.ActiveCfg = Debug|Any CPU
		{F18A84AE-DC3A-42E4-A7E8-9706292E2433}.Debug|Any CPU.Build.0 = Debug|Any CPU
		{F18A84AE-DC3A-42E4-A7E8-9706292E2433}.Release|Any CPU.ActiveCfg = Release|Any CPU
		{F18A84AE-DC3A-42E4-A7E8-9706292E2433}.Release|Any CPU.Build.0 = Release|Any CPU
		{59307D42-D6E9-4C47-A9E5-5908F54CF438}.Debug|Any CPU.ActiveCfg = Debug|Any CPU
		{59307D42-D6E9-4C47-A9E5-5908F54CF438}.Debug|Any CPU.Build.0 = Debug|Any CPU
		{59307D42-D6E9-4C47-A9E5-5908F54CF438}.Release|Any CPU.ActiveCfg = Release|Any CPU
		{59307D42-D6E9-4C47-A9E5-5908F54CF438}.Release|Any CPU.Build.0 = Release|Any CPU
		{9A683C71-AF81-4722-B138-3E57E78335A3}.Debug|Any CPU.ActiveCfg = Debug|Any CPU
		{9A683C71-AF81-4722-B138-3E57E78335A3}.Debug|Any CPU.Build.0 = Debug|Any CPU
		{9A683C71-AF81-4722-B138-3E57E78335A3}.Release|Any CPU.ActiveCfg = Release|Any CPU
		{9A683C71-AF81-4722-B138-3E57E78335A3}.Release|Any CPU.Build.0 = Release|Any CPU
		{562D8B60-4F2B-4356-9B28-D04AA8F1498D}.Debug|Any CPU.ActiveCfg = Debug|Any CPU
		{562D8B60-4F2B-4356-9B28-D04AA8F1498D}.Debug|Any CPU.Build.0 = Debug|Any CPU
		{562D8B60-4F2B-4356-9B28-D04AA8F1498D}.Release|Any CPU.ActiveCfg = Release|Any CPU
		{562D8B60-4F2B-4356-9B28-D04AA8F1498D}.Release|Any CPU.Build.0 = Release|Any CPU
		{62F85CD6-2E22-4853-8C3B-F00BCCA28778}.Debug|Any CPU.ActiveCfg = Debug|Any CPU
		{62F85CD6-2E22-4853-8C3B-F00BCCA28778}.Debug|Any CPU.Build.0 = Debug|Any CPU
		{62F85CD6-2E22-4853-8C3B-F00BCCA28778}.Release|Any CPU.ActiveCfg = Release|Any CPU
		{62F85CD6-2E22-4853-8C3B-F00BCCA28778}.Release|Any CPU.Build.0 = Release|Any CPU
		{30E34693-66BB-40B3-B8D9-769A571092A1}.Debug|Any CPU.ActiveCfg = Debug|Any CPU
		{30E34693-66BB-40B3-B8D9-769A571092A1}.Debug|Any CPU.Build.0 = Debug|Any CPU
		{30E34693-66BB-40B3-B8D9-769A571092A1}.Release|Any CPU.ActiveCfg = Release|Any CPU
		{30E34693-66BB-40B3-B8D9-769A571092A1}.Release|Any CPU.Build.0 = Release|Any CPU
		{3E871D7D-D63B-4B0C-AFE4-7C26F835B067}.Debug|Any CPU.ActiveCfg = Debug|Any CPU
		{3E871D7D-D63B-4B0C-AFE4-7C26F835B067}.Debug|Any CPU.Build.0 = Debug|Any CPU
		{3E871D7D-D63B-4B0C-AFE4-7C26F835B067}.Release|Any CPU.ActiveCfg = Release|Any CPU
		{3E871D7D-D63B-4B0C-AFE4-7C26F835B067}.Release|Any CPU.Build.0 = Release|Any CPU
		{EB2EB129-06D2-4256-925F-45334688221D}.Debug|Any CPU.ActiveCfg = Debug|Any CPU
		{EB2EB129-06D2-4256-925F-45334688221D}.Debug|Any CPU.Build.0 = Debug|Any CPU
		{EB2EB129-06D2-4256-925F-45334688221D}.Release|Any CPU.ActiveCfg = Release|Any CPU
		{EB2EB129-06D2-4256-925F-45334688221D}.Release|Any CPU.Build.0 = Release|Any CPU
		{0E361EE5-BEE6-4CCD-943F-59E61DE0F7C2}.Debug|Any CPU.ActiveCfg = Debug|Any CPU
		{0E361EE5-BEE6-4CCD-943F-59E61DE0F7C2}.Debug|Any CPU.Build.0 = Debug|Any CPU
		{0E361EE5-BEE6-4CCD-943F-59E61DE0F7C2}.Release|Any CPU.ActiveCfg = Release|Any CPU
		{0E361EE5-BEE6-4CCD-943F-59E61DE0F7C2}.Release|Any CPU.Build.0 = Release|Any CPU
		{6030603D-7AB0-49D7-B64E-17C8CF95E85E}.Debug|Any CPU.ActiveCfg = Debug|Any CPU
		{6030603D-7AB0-49D7-B64E-17C8CF95E85E}.Debug|Any CPU.Build.0 = Debug|Any CPU
		{6030603D-7AB0-49D7-B64E-17C8CF95E85E}.Release|Any CPU.ActiveCfg = Release|Any CPU
		{6030603D-7AB0-49D7-B64E-17C8CF95E85E}.Release|Any CPU.Build.0 = Release|Any CPU
		{31A293B1-389F-40F5-83F6-3176DF3FBFCE}.Debug|Any CPU.ActiveCfg = Debug|Any CPU
		{31A293B1-389F-40F5-83F6-3176DF3FBFCE}.Debug|Any CPU.Build.0 = Debug|Any CPU
		{31A293B1-389F-40F5-83F6-3176DF3FBFCE}.Release|Any CPU.ActiveCfg = Release|Any CPU
		{31A293B1-389F-40F5-83F6-3176DF3FBFCE}.Release|Any CPU.Build.0 = Release|Any CPU
		{BF6A3450-DBFD-4AB0-992B-BE9FEB7D4A52}.Debug|Any CPU.ActiveCfg = Debug|Any CPU
		{BF6A3450-DBFD-4AB0-992B-BE9FEB7D4A52}.Debug|Any CPU.Build.0 = Debug|Any CPU
		{BF6A3450-DBFD-4AB0-992B-BE9FEB7D4A52}.Release|Any CPU.ActiveCfg = Release|Any CPU
		{BF6A3450-DBFD-4AB0-992B-BE9FEB7D4A52}.Release|Any CPU.Build.0 = Release|Any CPU
		{D6F1FBC5-F1EA-4EE7-904B-A6AFE9944A06}.Debug|Any CPU.ActiveCfg = Debug|Any CPU
		{D6F1FBC5-F1EA-4EE7-904B-A6AFE9944A06}.Debug|Any CPU.Build.0 = Debug|Any CPU
		{D6F1FBC5-F1EA-4EE7-904B-A6AFE9944A06}.Release|Any CPU.ActiveCfg = Release|Any CPU
		{D6F1FBC5-F1EA-4EE7-904B-A6AFE9944A06}.Release|Any CPU.Build.0 = Release|Any CPU
		{3C242F2A-7829-4D59-84FC-40E48B0250D8}.Debug|Any CPU.ActiveCfg = Debug|Any CPU
		{3C242F2A-7829-4D59-84FC-40E48B0250D8}.Debug|Any CPU.Build.0 = Debug|Any CPU
		{3C242F2A-7829-4D59-84FC-40E48B0250D8}.Release|Any CPU.ActiveCfg = Release|Any CPU
		{3C242F2A-7829-4D59-84FC-40E48B0250D8}.Release|Any CPU.Build.0 = Release|Any CPU
		{0FED7BF0-9B8D-4BA3-A4DA-090F0DE9728B}.Debug|Any CPU.ActiveCfg = Debug|Any CPU
		{0FED7BF0-9B8D-4BA3-A4DA-090F0DE9728B}.Debug|Any CPU.Build.0 = Debug|Any CPU
		{0FED7BF0-9B8D-4BA3-A4DA-090F0DE9728B}.Release|Any CPU.ActiveCfg = Release|Any CPU
		{0FED7BF0-9B8D-4BA3-A4DA-090F0DE9728B}.Release|Any CPU.Build.0 = Release|Any CPU
	EndGlobalSection
	GlobalSection(SolutionProperties) = preSolution
		HideSolutionNode = FALSE
	EndGlobalSection
EndGlobal
